
Microsoft Visual Studio Solution File, Format Version 12.00
# Visual Studio Version 17
VisualStudioVersion = 17.2.32519.379
MinimumVisualStudioVersion = 10.0.40219.1
Project("{FAE04EC0-301F-11D3-BF4B-00C04F79EFBC}") = "Dia2605", "Dia2605\Dia2605.csproj", "{EAB2E533-2814-4A9A-8BF2-B4E87874DF55}"
EndProject
Global
	GlobalSection(SolutionConfigurationPlatforms) = preSolution
		Debug|Any CPU = Debug|Any CPU
		Release|Any CPU = Release|Any CPU
	EndGlobalSection
	GlobalSection(ProjectConfigurationPlatforms) = postSolution
		{EAB2E533-2814-4A9A-8BF2-B4E87874DF55}.Debug|Any CPU.ActiveCfg = Debug|Any CPU
		{EAB2E533-2814-4A9A-8BF2-B4E87874DF55}.Debug|Any CPU.Build.0 = Debug|Any CPU
		{EAB2E533-2814-4A9A-8BF2-B4E87874DF55}.Release|Any CPU.ActiveCfg = Release|Any CPU
		{EAB2E533-2814-4A9A-8BF2-B4E87874DF55}.Release|Any CPU.Build.0 = Release|Any CPU
	EndGlobalSection
	GlobalSection(SolutionProperties) = preSolution
		HideSolutionNode = FALSE
	EndGlobalSection
	GlobalSection(ExtensibilityGlobals) = postSolution
		SolutionGuid = {6759712E-C8E3-40AC-A2FB-5ABFD952F257}
	EndGlobalSection
EndGlobal
